
Microsoft Visual Studio Solution File, Format Version 12.00
# Visual Studio Version 17
VisualStudioVersion = 17.9.34616.47
MinimumVisualStudioVersion = 10.0.40219.1
Project("{FAE04EC0-301F-11D3-BF4B-00C04F79EFBC}") = "EscolaTalevi", "EscolaTalevi.csproj", "{01A0DE51-704D-485B-899C-E296E4DAB0EB}"
EndProject
Global
	GlobalSection(SolutionConfigurationPlatforms) = preSolution
		Debug|Any CPU = Debug|Any CPU
		Release|Any CPU = Release|Any CPU
	EndGlobalSection
	GlobalSection(ProjectConfigurationPlatforms) = postSolution
		{01A0DE51-704D-485B-899C-E296E4DAB0EB}.Debug|Any CPU.ActiveCfg = Debug|Any CPU
		{01A0DE51-704D-485B-899C-E296E4DAB0EB}.Debug|Any CPU.Build.0 = Debug|Any CPU
		{01A0DE51-704D-485B-899C-E296E4DAB0EB}.Debug|Any CPU.Deploy.0 = Debug|Any CPU
		{01A0DE51-704D-485B-899C-E296E4DAB0EB}.Release|Any CPU.ActiveCfg = Release|Any CPU
		{01A0DE51-704D-485B-899C-E296E4DAB0EB}.Release|Any CPU.Build.0 = Release|Any CPU
		{01A0DE51-704D-485B-899C-E296E4DAB0EB}.Release|Any CPU.Deploy.0 = Release|Any CPU
	EndGlobalSection
	GlobalSection(SolutionProperties) = preSolution
		HideSolutionNode = FALSE
	EndGlobalSection
	GlobalSection(ExtensibilityGlobals) = postSolution
		SolutionGuid = {6C8B1F6B-5863-4774-881C-04817A009556}
	EndGlobalSection
EndGlobal
